
Microsoft Visual Studio Solution File, Format Version 12.00
Project("{FAE04EC0-301F-11D3-BF4B-00C04F79EFBC}") = "SelectVsSelectMany", "SelectVsSelectMany\SelectVsSelectMany.csproj", "{0CA01C8B-AC61-497B-9F9B-877972B1600D}"
EndProject
Global
	GlobalSection(SolutionConfigurationPlatforms) = preSolution
		Debug|Any CPU = Debug|Any CPU
		Release|Any CPU = Release|Any CPU
	EndGlobalSection
	GlobalSection(ProjectConfigurationPlatforms) = postSolution
		{0CA01C8B-AC61-497B-9F9B-877972B1600D}.Debug|Any CPU.ActiveCfg = Debug|Any CPU
		{0CA01C8B-AC61-497B-9F9B-877972B1600D}.Debug|Any CPU.Build.0 = Debug|Any CPU
		{0CA01C8B-AC61-497B-9F9B-877972B1600D}.Release|Any CPU.ActiveCfg = Release|Any CPU
		{0CA01C8B-AC61-497B-9F9B-877972B1600D}.Release|Any CPU.Build.0 = Release|Any CPU
	EndGlobalSection
EndGlobal
